{
    "_readme": [
        "This file locks the dependencies of your project to a known state",
        "Read more about it at http://getcomposer.org/doc/01-basic-usage.md#composer-lock-the-lock-file"
    ],
    "hash": "f642ab33f39f10bcae751da68e44e830",
    "packages": [
        {
            "name": "mustache/mustache",
            "version": "v2.4.1",
            "source": {
                "type": "git",
                "url": "https://github.com/bobthecow/mustache.php.git",
                "reference": "14bc3b4f6a4770b535fc433bfd0435471ed386c6"
            },
            "dist": {
                "type": "zip",
                "url": "https://api.github.com/repos/bobthecow/mustache.php/zipball/14bc3b4f6a4770b535fc433bfd0435471ed386c6",
                "reference": "14bc3b4f6a4770b535fc433bfd0435471ed386c6",
                "shasum": ""
            },
            "require": {
                "php": ">=5.2.4"
            },
            "require-dev": {
                "phpunit/phpunit": "*"
            },
            "type": "library",
            "autoload": {
                "psr-0": {
                    "Mustache": "src/"
                }
            },
            "notification-url": "https://packagist.org/downloads/",
            "license": [
                "MIT"
            ],
            "authors": [
                {
                    "name": "Justin Hileman",
                    "email": "justin@justinhileman.info",
                    "homepage": "http://justinhileman.com"
                }
            ],
            "description": "A Mustache implementation in PHP.",
            "homepage": "https://github.com/bobthecow/mustache.php",
            "keywords": [
                "mustache",
                "templating"
            ],
            "time": "2013-08-13 04:49:23"
        },
        {
            "name": "phpmailer/phpmailer",
            "version": "dev-smtp-refactor",
            "source": {
                "type": "git",
                "url": "https://github.com/PHPMailer/PHPMailer.git",
                "reference": "8717a79565b2c0ed67f851d70e1949febdf3b226"
            },
            "dist": {
                "type": "zip",
                "url": "https://api.github.com/repos/PHPMailer/PHPMailer/zipball/8717a79565b2c0ed67f851d70e1949febdf3b226",
                "reference": "8717a79565b2c0ed67f851d70e1949febdf3b226",
                "shasum": ""
            },
            "require": {
                "php": ">=5.0.0"
            },
            "require-dev": {
                "phpdocumentor/phpdocumentor": "*",
                "phpunit/phpunit": "*"
            },
            "type": "library",
            "autoload": {
                "classmap": [
                    "class.phpmailer.php",
                    "class.pop3.php",
                    "class.smtp.php"
                ]
            },
            "notification-url": "https://packagist.org/downloads/",
            "license": [
                "LGPL-2.1"
            ],
            "authors": [
                {
                    "name": "Jim Jagielski",
                    "email": "jimjag@gmail.com"
                },
                {
                    "name": "Marcus Bointon",
                    "email": "phpmailer@synchromedia.co.uk"
                },
                {
                    "name": "Andy Prevost",
                    "email": "codeworxtech@users.sourceforge.net"
                },
                {
                    "name": "Brent R. Matzelle"
                }
            ],
            "description": "PHPMailer is a full-featured email creation and transfer class for PHP",
            "time": "2013-09-12 07:52:38"
        },
        {
            "name": "ruflin/elastica",
            "version": "dev-master",
            "source": {
                "type": "git",
                "url": "https://github.com/ruflin/Elastica.git",
                "reference": "e600c3e2520ff550b927464a762e482cd0d225c4"
            },
            "dist": {
                "type": "zip",
                "url": "https://api.github.com/repos/ruflin/Elastica/zipball/e600c3e2520ff550b927464a762e482cd0d225c4",
                "reference": "e600c3e2520ff550b927464a762e482cd0d225c4",
                "shasum": ""
            },
            "require": {
                "php": ">=5.3.3"
            },
            "require-dev": {
                "munkie/elasticsearch-thrift-php": "1.4.*",
                "psr/log": "~1.0"
            },
            "suggest": {
                "monolog/monolog": "Logging request",
                "munkie/elasticsearch-thrift-php": "Allow using thrift transport",
                "psr/log": "for logging"
            },
            "type": "library",
            "extra": {
                "branch-alias": {
                    "dev-master": "0.20.5.x-dev"
                }
            },
            "autoload": {
                "psr-0": {
                    "Elastica": "lib/",
                    "Elastica\\Test": "test/lib/"
                }
            },
            "notification-url": "https://packagist.org/downloads/",
            "license": [
                "Apache 2.0"
            ],
            "authors": [
                {
                    "name": "Nicolas Ruflin",
                    "homepage": "http://ruflin.com/"
                }
            ],
            "description": "Elasticsearch Client",
            "homepage": "http://ruflin.github.com/Elastica/",
            "keywords": [
                "client",
                "search"
            ],
            "time": "2013-08-08 08:36:24"
        }
    ],
    "packages-dev": [

    ],
    "aliases": [

    ],
    "minimum-stability": "stable",
    "stability-flags": {
        "ruflin/elastica": 20,
        "phpmailer/phpmailer": 20
    },
    "platform": [

    ],
    "platform-dev": [

    ]
}
